
Microsoft Visual Studio Solution File, Format Version 12.00
# Visual Studio Version 17
VisualStudioVersion = 17.3.32929.385
MinimumVisualStudioVersion = 10.0.40219.1
Project("{FAE04EC0-301F-11D3-BF4B-00C04F79EFBC}") = "ProjectLandScape", "ProjectLandScape\ProjectLandScape.csproj", "{A8C348B5-84B2-49AB-AAB3-B0735B67592E}"
EndProject
Global
	GlobalSection(SolutionConfigurationPlatforms) = preSolution
		Debug|Any CPU = Debug|Any CPU
		Release|Any CPU = Release|Any CPU
	EndGlobalSection
	GlobalSection(ProjectConfigurationPlatforms) = postSolution
		{A8C348B5-84B2-49AB-AAB3-B0735B67592E}.Debug|Any CPU.ActiveCfg = Debug|Any CPU
		{A8C348B5-84B2-49AB-AAB3-B0735B67592E}.Debug|Any CPU.Build.0 = Debug|Any CPU
		{A8C348B5-84B2-49AB-AAB3-B0735B67592E}.Release|Any CPU.ActiveCfg = Release|Any CPU
		{A8C348B5-84B2-49AB-AAB3-B0735B67592E}.Release|Any CPU.Build.0 = Release|Any CPU
	EndGlobalSection
	GlobalSection(SolutionProperties) = preSolution
		HideSolutionNode = FALSE
	EndGlobalSection
	GlobalSection(ExtensibilityGlobals) = postSolution
		SolutionGuid = {5710D9A2-434D-455A-9103-DB9FABEE1880}
	EndGlobalSection
EndGlobal
